{
    "_meta": {
        "hash": {
            "sha256": "38de5390acae401a43d7a31983d26a1fb8fee5ecf16920dea1800af930abd9bb"
        },
        "pipfile-spec": 6,
        "requires": {
            "python_version": "3.6"
        },
        "sources": [
            {
                "name": "pypi",
                "url": "https://pypi.org/simple",
                "verify_ssl": true
            }
        ]
    },
    "default": {
        "appnope": {
            "hashes": [
                "sha256:5b26757dc6f79a3b7dc9fab95359328d5747fcb2409d331ea66d0272b90ab2a0",
                "sha256:8b995ffe925347a2138d7ac0fe77155e4311a0ea6d6da4f5128fe4b3cbe5ed71"
            ],
            "markers": "sys_platform == 'darwin'",
            "version": "==0.1.0"
        },
        "arrow": {
            "hashes": [
                "sha256:271b8e05174d48e50324ed0dc5d74796c839c7e579a4f21cf1a7394665f9e94f",
                "sha256:edc31dc051db12c95da9bac0271cd1027b8e36912daf6d4580af53b23e62721a"
            ],
            "index": "pypi",
            "version": "==0.15.8"
        },
        "asgiref": {
            "hashes": [
                "sha256:7e51911ee147dd685c3c8b805c0ad0cb58d360987b56953878f8c06d2d1c6f1a",
                "sha256:9fc6fb5d39b8af147ba40765234fa822b39818b12cc80b35ad9b0cef3a476aed"
            ],
            "version": "==3.2.10"
        },
        "backcall": {
            "hashes": [
                "sha256:5cbdbf27be5e7cfadb448baf0aa95508f91f2bbc6c6437cd9cd06e2a4c215e1e",
                "sha256:fbbce6a29f263178a1f7915c1940bde0ec2b2a967566fe1c65c1dfb7422bd255"
            ],
            "version": "==0.2.0"
        },
        "certifi": {
            "hashes": [
                "sha256:5930595817496dd21bb8dc35dad090f1c2cd0adfaf21204bf6732ca5d8ee34d3",
                "sha256:8fc0819f1f30ba15bdb34cceffb9ef04d99f420f68eb75d901e9560b8749fc41"
            ],
            "version": "==2020.6.20"
        },
        "chardet": {
            "hashes": [
                "sha256:84ab92ed1c4d4f16916e05906b6b75a6c0fb5db821cc65e70cbd64a3e2a5eaae",
                "sha256:fc323ffcaeaed0e0a02bf4d117757b98aed530d9ed4531e3e15460124c106691"
            ],
            "version": "==3.0.4"
        },
        "click": {
            "hashes": [
                "sha256:d2b5255c7c6349bc1bd1e59e08cd12acbbd63ce649f2588755783aa94dfb6b1a",
                "sha256:dacca89f4bfadd5de3d7489b7c8a566eee0d3676333fbb50030263894c38c0dc"
            ],
            "version": "==7.1.2"
        },
        "decorator": {
            "hashes": [
                "sha256:41fa54c2a0cc4ba648be4fd43cff00aedf5b9465c9bf18d64325bc225f08f760",
                "sha256:e3a62f0520172440ca0dcc823749319382e377f37f140a0b99ef45fecb84bfe7"
            ],
            "version": "==4.4.2"
        },
        "dj-database-url": {
            "hashes": [
                "sha256:4aeaeb1f573c74835b0686a2b46b85990571159ffc21aa57ecd4d1e1cb334163",
                "sha256:851785365761ebe4994a921b433062309eb882fedd318e1b0fcecc607ed02da9"
            ],
            "version": "==0.5.0"
        },
        "django": {
            "hashes": [
                "sha256:31a5fbbea5fc71c99e288ec0b2f00302a0a92c44b13ede80b73a6a4d6d205582",
                "sha256:5457fc953ec560c5521b41fad9e6734a4668b7ba205832191bbdff40ec61073c"
            ],
            "index": "pypi",
            "version": "==3.0.8"
        },
        "django-heroku": {
            "hashes": [
                "sha256:2bc690aab89eedbe01311752320a9a12e7548e3b0ed102681acc5736a41a4762",
                "sha256:6af4bc3ae4a9b55eaad6dbe5164918982d2762661aebc9f83d9fa49f6009514e"
            ],
            "index": "pypi",
            "version": "==0.3.1"
        },
        "django-open-humans": {
            "hashes": [
                "sha256:6552bcccf5ac45e04763b8e599216d6ab97e22a37670827c43196e45ba87294c"
            ],
            "index": "pypi",
            "version": "==0.1.6"
        },
        "geographiclib": {
            "hashes": [
                "sha256:12bd46ee7ec25b291ea139b17aa991e7ef373e21abd053949b75c0e9ca55c632",
                "sha256:51cfa698e7183792bce27d8fb63ac8e83689cd8170a730bf35e1a5c5bf8849b9"
            ],
            "version": "==1.50"
        },
        "geopy": {
            "hashes": [
                "sha256:b88e189f0d2e0051da45b6311d5b2ced59afaf1378eb27ebb57eaf37c166a03b",
                "sha256:fdc596bab67d9f4828f43bf9e97c4e0a1d1518b7c2357485cef0e1c3cf470220"
            ],
            "index": "pypi",
            "version": "==2.0.0"
        },
        "gunicorn": {
            "hashes": [
                "sha256:1904bb2b8a43658807108d59c3f3d56c2b6121a701161de0ddf9ad140073c626",
                "sha256:cd4a810dd51bf497552cf3f863b575dabd73d6ad6a91075b65936b151cbf4f9c"
            ],
            "index": "pypi",
            "version": "==20.0.4"
        },
        "humanfriendly": {
            "hashes": [
                "sha256:bf52ec91244819c780341a3438d5d7b09f431d3f113a475147ac9b7b167a3d12",
                "sha256:e78960b31198511f45fd455534ae7645a6207d33e512d2e842c766d15d9c8080"
            ],
            "version": "==8.2"
        },
        "idna": {
            "hashes": [
                "sha256:b307872f855b18632ce0c21c5e45be78c0ea7ae4c15c828c20788b26921eb3f6",
                "sha256:b97d804b1e9b523befed77c48dacec60e6dcb0b5391d57af6a65a312a90648c0"
            ],
            "version": "==2.10"
        },
        "ipython": {
            "hashes": [
                "sha256:2dbcc8c27ca7d3cfe4fcdff7f45b27f9a8d3edfa70ff8024a71c7a8eb5f09d64",
                "sha256:9f4fcb31d3b2c533333893b9172264e4821c1ac91839500f31bd43f2c59b3ccf"
            ],
            "index": "pypi",
            "version": "==7.16.1"
        },
        "ipython-genutils": {
            "hashes": [
                "sha256:72dd37233799e619666c9f639a9da83c34013a73e8bbc79a7a6348d93c61fab8",
                "sha256:eb2e116e75ecef9d4d228fdc66af54269afa26ab4463042e33785b887c628ba8"
            ],
            "version": "==0.2.0"
        },
        "jedi": {
            "hashes": [
                "sha256:86ed7d9b750603e4ba582ea8edc678657fb4007894a12bcf6f4bb97892f31d20",
                "sha256:98cc583fa0f2f8304968199b01b6b4b94f469a1f4a74c1560506ca2a211378b5"
            ],
            "version": "==0.17.2"
        },
        "numpy": {
            "hashes": [
                "sha256:082f8d4dd69b6b688f64f509b91d482362124986d98dc7dc5f5e9f9b9c3bb983",
                "sha256:1bc0145999e8cb8aed9d4e65dd8b139adf1919e521177f198529687dbf613065",
                "sha256:309cbcfaa103fc9a33ec16d2d62569d541b79f828c382556ff072442226d1968",
                "sha256:3673c8b2b29077f1b7b3a848794f8e11f401ba0b71c49fbd26fb40b71788b132",
                "sha256:480fdd4dbda4dd6b638d3863da3be82873bba6d32d1fc12ea1b8486ac7b8d129",
                "sha256:56ef7f56470c24bb67fb43dae442e946a6ce172f97c69f8d067ff8550cf782ff",
                "sha256:5a936fd51049541d86ccdeef2833cc89a18e4d3808fe58a8abeb802665c5af93",
                "sha256:5b6885c12784a27e957294b60f97e8b5b4174c7504665333c5e94fbf41ae5d6a",
                "sha256:667c07063940e934287993366ad5f56766bc009017b4a0fe91dbd07960d0aba7",
                "sha256:7ed448ff4eaffeb01094959b19cbaf998ecdee9ef9932381420d514e446601cd",
                "sha256:8343bf67c72e09cfabfab55ad4a43ce3f6bf6e6ced7acf70f45ded9ebb425055",
                "sha256:92feb989b47f83ebef246adabc7ff3b9a59ac30601c3f6819f8913458610bdcc",
                "sha256:935c27ae2760c21cd7354402546f6be21d3d0c806fffe967f745d5f2de5005a7",
                "sha256:aaf42a04b472d12515debc621c31cf16c215e332242e7a9f56403d814c744624",
                "sha256:b12e639378c741add21fbffd16ba5ad25c0a1a17cf2b6fe4288feeb65144f35b",
                "sha256:b1cca51512299841bf69add3b75361779962f9cee7d9ee3bb446d5982e925b69",
                "sha256:b8456987b637232602ceb4d663cb34106f7eb780e247d51a260b84760fd8f491",
                "sha256:b9792b0ac0130b277536ab8944e7b754c69560dac0415dd4b2dbd16b902c8954",
                "sha256:c9591886fc9cbe5532d5df85cb8e0cc3b44ba8ce4367bd4cf1b93dc19713da72",
                "sha256:cf1347450c0b7644ea142712619533553f02ef23f92f781312f6a3553d031fc7",
                "sha256:de8b4a9b56255797cbddb93281ed92acbc510fb7b15df3f01bd28f46ebc4edae",
                "sha256:e1b1dc0372f530f26a03578ac75d5e51b3868b9b76cd2facba4c9ee0eb252ab1",
                "sha256:e45f8e981a0ab47103181773cc0a54e650b2aef8c7b6cd07405d0fa8d869444a",
                "sha256:e4f6d3c53911a9d103d8ec9518190e52a8b945bab021745af4939cfc7c0d4a9e",
                "sha256:ed8a311493cf5480a2ebc597d1e177231984c818a86875126cfd004241a73c3e",
                "sha256:ef71a1d4fd4858596ae80ad1ec76404ad29701f8ca7cdcebc50300178db14dfc"
            ],
            "version": "==1.19.1"
        },
        "open-humans-api": {
            "hashes": [
                "sha256:c3328e5ee6a596b9ff653525e65252bb499ccfcb9ed330c0f86742d4d7dd228e"
            ],
            "version": "==0.2.9"
        },
        "pandas": {
            "hashes": [
                "sha256:02f1e8f71cd994ed7fcb9a35b6ddddeb4314822a0e09a9c5b2d278f8cb5d4096",
                "sha256:13f75fb18486759da3ff40f5345d9dd20e7d78f2a39c5884d013456cec9876f0",
                "sha256:35b670b0abcfed7cad76f2834041dcf7ae47fd9b22b63622d67cdc933d79f453",
                "sha256:4c73f373b0800eb3062ffd13d4a7a2a6d522792fa6eb204d67a4fad0a40f03dc",
                "sha256:5759edf0b686b6f25a5d4a447ea588983a33afc8a0081a0954184a4a87fd0dd7",
                "sha256:5a7cf6044467c1356b2b49ef69e50bf4d231e773c3ca0558807cdba56b76820b",
                "sha256:69c5d920a0b2a9838e677f78f4dde506b95ea8e4d30da25859db6469ded84fa8",
                "sha256:8778a5cc5a8437a561e3276b85367412e10ae9fff07db1eed986e427d9a674f8",
                "sha256:9871ef5ee17f388f1cb35f76dc6106d40cb8165c562d573470672f4cdefa59ef",
                "sha256:9c31d52f1a7dd2bb4681d9f62646c7aa554f19e8e9addc17e8b1b20011d7522d",
                "sha256:ab8173a8efe5418bbe50e43f321994ac6673afc5c7c4839014cf6401bbdd0705",
                "sha256:ae961f1f0e270f1e4e2273f6a539b2ea33248e0e3a11ffb479d757918a5e03a9",
                "sha256:b3c4f93fcb6e97d993bf87cdd917883b7dab7d20c627699f360a8fb49e9e0b91",
                "sha256:c9410ce8a3dee77653bc0684cfa1535a7f9c291663bd7ad79e39f5ab58f67ab3",
                "sha256:f69e0f7b7c09f1f612b1f8f59e2df72faa8a6b41c5a436dde5b615aaf948f107",
                "sha256:faa42a78d1350b02a7d2f0dbe3c80791cf785663d6997891549d0f86dc49125e"
            ],
            "index": "pypi",
            "version": "==1.0.5"
        },
        "parso": {
            "hashes": [
                "sha256:97218d9159b2520ff45eb78028ba8b50d2bc61dcc062a9682666f2dc4bd331ea",
                "sha256:caba44724b994a8a5e086460bb212abc5a8bc46951bf4a9a1210745953622eb9"
            ],
            "version": "==0.7.1"
        },
        "pexpect": {
            "hashes": [
                "sha256:0b48a55dcb3c05f3329815901ea4fc1537514d6ba867a152b581d69ae3710937",
                "sha256:fc65a43959d153d0114afe13997d439c22823a27cefceb5ff35c2178c6784c0c"
            ],
            "markers": "sys_platform != 'win32'",
            "version": "==4.8.0"
        },
        "pickleshare": {
            "hashes": [
                "sha256:87683d47965c1da65cdacaf31c8441d12b8044cdec9aca500cd78fc2c683afca",
                "sha256:9649af414d74d4df115d5d718f82acb59c9d418196b7b4290ed47a12ce62df56"
            ],
            "version": "==0.7.5"
        },
        "prompt-toolkit": {
            "hashes": [
                "sha256:563d1a4140b63ff9dd587bda9557cffb2fe73650205ab6f4383092fb882e7dc8",
                "sha256:df7e9e63aea609b1da3a65641ceaf5bc7d05e0a04de5bd45d05dbeffbabf9e04"
            ],
            "version": "==3.0.5"
        },
        "psycopg2": {
            "hashes": [
                "sha256:132efc7ee46a763e68a815f4d26223d9c679953cd190f1f218187cb60decf535",
                "sha256:2327bf42c1744a434ed8ed0bbaa9168cac7ee5a22a9001f6fc85c33b8a4a14b7",
                "sha256:27c633f2d5db0fc27b51f1b08f410715b59fa3802987aec91aeb8f562724e95c",
                "sha256:2c0afb40cfb4d53487ee2ebe128649028c9a78d2476d14a67781e45dc287f080",
                "sha256:2df2bf1b87305bd95eb3ac666ee1f00a9c83d10927b8144e8e39644218f4cf81",
                "sha256:440a3ea2c955e89321a138eb7582aa1d22fe286c7d65e26a2c5411af0a88ae72",
                "sha256:6a471d4d2a6f14c97a882e8d3124869bc623f3df6177eefe02994ea41fd45b52",
                "sha256:6b306dae53ec7f4f67a10942cf8ac85de930ea90e9903e2df4001f69b7833f7e",
                "sha256:a0984ff49e176062fcdc8a5a2a670c9bb1704a2f69548bce8f8a7bad41c661bf",
                "sha256:ac5b23d0199c012ad91ed1bbb971b7666da651c6371529b1be8cbe2a7bf3c3a9",
                "sha256:acf56d564e443e3dea152efe972b1434058244298a94348fc518d6dd6a9fb0bb",
                "sha256:d3b29d717d39d3580efd760a9a46a7418408acebbb784717c90d708c9ed5f055",
                "sha256:f7d46240f7a1ae1dd95aab38bd74f7428d46531f69219954266d669da60c0818"
            ],
            "version": "==2.8.5"
        },
        "ptyprocess": {
            "hashes": [
                "sha256:923f299cc5ad920c68f2bc0bc98b75b9f838b93b599941a6b63ddbc2476394c0",
                "sha256:d7cc528d76e76342423ca640335bd3633420dc1366f258cb31d05e865ef5ca1f"
            ],
            "version": "==0.6.0"
        },
        "pygments": {
            "hashes": [
                "sha256:647344a061c249a3b74e230c739f434d7ea4d8b1d5f3721bc0f3558049b38f44",
                "sha256:ff7a40b4860b727ab48fad6360eb351cc1b33cbf9b15a0f689ca5353e9463324"
            ],
            "version": "==2.6.1"
        },
        "python-dateutil": {
            "hashes": [
                "sha256:73ebfe9dbf22e832286dafa60473e4cd239f8592f699aa5adaf10050e6e1823c",
                "sha256:75bb3f31ea686f1197762692a9ee6a7550b59fc6ca3a1f4b5d7e32fb98e2da2a"
            ],
            "version": "==2.8.1"
        },
        "pytz": {
            "hashes": [
                "sha256:a494d53b6d39c3c6e44c3bec237336e14305e4f29bbf800b599253057fbb79ed",
                "sha256:c35965d010ce31b23eeb663ed3cc8c906275d6be1a34393a1d73a41febf4a048"
            ],
            "version": "==2020.1"
        },
        "requests": {
            "hashes": [
                "sha256:b3559a131db72c33ee969480840fff4bb6dd111de7dd27c8ee1f820f4f00231b",
                "sha256:fe75cc94a9443b9246fc7049224f75604b113c36acb93f87b80ed42c44cbb898"
            ],
            "index": "pypi",
            "version": "==2.24.0"
        },
        "shapely": {
            "hashes": [
                "sha256:11090bd5b5f11d54e1924a11198226971dab6f392c2e5a3c74514857f764b971",
                "sha256:1af407c58e7898a511ad01dc6e7c2099493071d939340553686b27513db6478e",
                "sha256:2154b9f25c5f13785cb05ce80b2c86e542bc69671193743f29c9f4c791c35db3",
                "sha256:234c5424d61d8b263d6d20045f5f32437819627ca57c1ea0c08368013b49824b",
                "sha256:29be7767a32df19e2186288cee63e539b386a35139524dc22eeceb244d0b092b",
                "sha256:2a2d37105c1d6d936f829de6c1c4ec8d43484d7b8bae8493bdd4267140dce650",
                "sha256:3793b09cbd86fe297193b365cbaf58b2f7d1ddeb273213185b2ddbab360e54ae",
                "sha256:4acbd566544c33bbc58c7dd264638ff3b91a57d9b162693c37520ea60d13668d",
                "sha256:50f96eb9993b6d841aac0addb84ea5f9da81c3fa97e1ec67c11964c8bb4fa0a5",
                "sha256:640e8a82b5f69ccd14e7520dd66d1247cf362096586e663ef9b8098cc0cb272b",
                "sha256:7554b1acd64a34d78189ab2f691bac967e0d9b38a4f345044552f9dcf3f92149",
                "sha256:7e9b01e89712fd988f931721fa36298e06a02eedf87fe7a7fd704d08f74c00f1",
                "sha256:9c62a9f7adceaa3110f2ec359c70dddd1640191609e91029e4d307e63fc8a5af",
                "sha256:a6c07b3b87455d107b0e4097889e9aba80a0812abf32a322a133af819b85d68a",
                "sha256:ae9a2da2b30c0b42029337854f78c71c28d285d254efd5f3be3700d997bfd18e",
                "sha256:b845a97f8366cc4aca197c3b04304cc301d9250518123155732da6a0e0575b49",
                "sha256:cc0fb1851b59473d2fa2f257f1e35740875af3f402c4575b4115028234e6f2eb",
                "sha256:e21a9fe1a416463ff11ae037766fe410526c95700b9e545372475d2361cc951e",
                "sha256:f7eb83fb36755edcbeb76fb367104efdf980307536c38ef610cb2e1a321defe0"
            ],
            "version": "==1.7.0"
        },
        "six": {
            "hashes": [
                "sha256:30639c035cdb23534cd4aa2dd52c3bf48f06e5f4a941509c8bafd8ce11080259",
                "sha256:8b74bedcbbbaca38ff6d7491d76f2b06b3592611af620f8426e82dddb04a5ced"
            ],
            "version": "==1.15.0"
        },
        "sqlparse": {
            "hashes": [
                "sha256:022fb9c87b524d1f7862b3037e541f68597a730a8843245c349fc93e1643dc4e",
                "sha256:e162203737712307dfe78860cc56c8da8a852ab2ee33750e33aeadf38d12c548"
            ],
            "version": "==0.3.1"
        },
        "traitlets": {
            "hashes": [
                "sha256:70b4c6a1d9019d7b4f6846832288f86998aa3b9207c6821f3578a6a6a467fe44",
                "sha256:d023ee369ddd2763310e4c3eae1ff649689440d4ae59d7485eb4cfbbe3e359f7"
            ],
            "version": "==4.3.3"
        },
        "tzwhere": {
            "hashes": [
                "sha256:b9a056e60f6ad5d44e7bc9d397ae683ea4bcd81f812ab6bbdfaad3d9984fcf19"
            ],
            "index": "pypi",
            "version": "==3.0.3"
        },
        "urllib3": {
            "hashes": [
                "sha256:91056c15fa70756691db97756772bb1eb9678fa585d9184f24534b100dc60f4a",
                "sha256:e7983572181f5e1522d9c98453462384ee92a0be7fac5f1413a1e35c56cc0461"
            ],
            "version": "==1.25.10"
        },
        "wcwidth": {
            "hashes": [
                "sha256:beb4802a9cebb9144e99086eff703a642a13d6a0052920003a230f3294bbe784",
                "sha256:c4d647b99872929fdb7bdcaa4fbe7f01413ed3d98077df798530e5b04f116c83"
            ],
            "version": "==0.2.5"
        },
        "whitenoise": {
            "hashes": [
                "sha256:60154b976a13901414a25b0273a841145f77eb34a141f9ae032a0ace3e4d5b27",
                "sha256:6dd26bfda3af29177d8ab7333a0c7b7642eb615ce83764f4d15a9aecda3201c4"
            ],
            "version": "==5.1.0"
        }
    },
    "develop": {}
}
